
Microsoft Visual Studio Solution File, Format Version 12.00
# Visual Studio 15
VisualStudioVersion = 15.0.28307.705
MinimumVisualStudioVersion = 10.0.40219.1
Project("{FAE04EC0-301F-11D3-BF4B-00C04F79EFBC}") = "XMart.Android", "XMart\XMart.Android\XMart.Android.csproj", "{CF33B369-5418-43D9-BF37-DB3D22F7C1E7}"
EndProject
Project("{FAE04EC0-301F-11D3-BF4B-00C04F79EFBC}") = "XMart.iOS", "XMart\XMart.iOS\XMart.iOS.csproj", "{7B717425-E70E-4921-A0E1-9CA2676DFB46}"
EndProject
Project("{FAE04EC0-301F-11D3-BF4B-00C04F79EFBC}") = "XMart", "XMart\XMart\XMart.csproj", "{CF6158FE-9E8A-4EC2-AA56-0EE6F3FD19CA}"
EndProject
Global
	GlobalSection(SolutionConfigurationPlatforms) = preSolution
		Ad-Hoc|Any CPU = Ad-Hoc|Any CPU
		Ad-Hoc|iPhone = Ad-Hoc|iPhone
		Ad-Hoc|iPhoneSimulator = Ad-Hoc|iPhoneSimulator
		AppStore|Any CPU = AppStore|Any CPU
		AppStore|iPhone = AppStore|iPhone
		AppStore|iPhoneSimulator = AppStore|iPhoneSimulator
		Debug|Any CPU = Debug|Any CPU
		Debug|iPhone = Debug|iPhone
		Debug|iPhoneSimulator = Debug|iPhoneSimulator
		Release|Any CPU = Release|Any CPU
		Release|iPhone = Release|iPhone
		Release|iPhoneSimulator = Release|iPhoneSimulator
	EndGlobalSection
	GlobalSection(ProjectConfigurationPlatforms) = postSolution
		{CF33B369-5418-43D9-BF37-DB3D22F7C1E7}.Ad-Hoc|Any CPU.ActiveCfg = Release|Any CPU
		{CF33B369-5418-43D9-BF37-DB3D22F7C1E7}.Ad-Hoc|Any CPU.Build.0 = Release|Any CPU
		{CF33B369-5418-43D9-BF37-DB3D22F7C1E7}.Ad-Hoc|Any CPU.Deploy.0 = Release|Any CPU
		{CF33B369-5418-43D9-BF37-DB3D22F7C1E7}.Ad-Hoc|iPhone.ActiveCfg = Release|Any CPU
		{CF33B369-5418-43D9-BF37-DB3D22F7C1E7}.Ad-Hoc|iPhone.Build.0 = Release|Any CPU
		{CF33B369-5418-43D9-BF37-DB3D22F7C1E7}.Ad-Hoc|iPhone.Deploy.0 = Release|Any CPU
		{CF33B369-5418-43D9-BF37-DB3D22F7C1E7}.Ad-Hoc|iPhoneSimulator.ActiveCfg = Release|Any CPU
		{CF33B369-5418-43D9-BF37-DB3D22F7C1E7}.Ad-Hoc|iPhoneSimulator.Build.0 = Release|Any CPU
		{CF33B369-5418-43D9-BF37-DB3D22F7C1E7}.Ad-Hoc|iPhoneSimulator.Deploy.0 = Release|Any CPU
		{CF33B369-5418-43D9-BF37-DB3D22F7C1E7}.AppStore|Any CPU.ActiveCfg = Release|Any CPU
		{CF33B369-5418-43D9-BF37-DB3D22F7C1E7}.AppStore|Any CPU.Build.0 = Release|Any CPU
		{CF33B369-5418-43D9-BF37-DB3D22F7C1E7}.AppStore|Any CPU.Deploy.0 = Release|Any CPU
		{CF33B369-5418-43D9-BF37-DB3D22F7C1E7}.AppStore|iPhone.ActiveCfg = Release|Any CPU
		{CF33B369-5418-43D9-BF37-DB3D22F7C1E7}.AppStore|iPhone.Build.0 = Release|Any CPU
		{CF33B369-5418-43D9-BF37-DB3D22F7C1E7}.AppStore|iPhone.Deploy.0 = Release|Any CPU
		{CF33B369-5418-43D9-BF37-DB3D22F7C1E7}.AppStore|iPhoneSimulator.ActiveCfg = Release|Any CPU
		{CF33B369-5418-43D9-BF37-DB3D22F7C1E7}.AppStore|iPhoneSimulator.Build.0 = Release|Any CPU
		{CF33B369-5418-43D9-BF37-DB3D22F7C1E7}.AppStore|iPhoneSimulator.Deploy.0 = Release|Any CPU
		{CF33B369-5418-43D9-BF37-DB3D22F7C1E7}.Debug|Any CPU.ActiveCfg = Debug|Any CPU
		{CF33B369-5418-43D9-BF37-DB3D22F7C1E7}.Debug|Any CPU.Build.0 = Debug|Any CPU
		{CF33B369-5418-43D9-BF37-DB3D22F7C1E7}.Debug|Any CPU.Deploy.0 = Debug|Any CPU
		{CF33B369-5418-43D9-BF37-DB3D22F7C1E7}.Debug|iPhone.ActiveCfg = Debug|Any CPU
		{CF33B369-5418-43D9-BF37-DB3D22F7C1E7}.Debug|iPhone.Build.0 = Debug|Any CPU
		{CF33B369-5418-43D9-BF37-DB3D22F7C1E7}.Debug|iPhone.Deploy.0 = Debug|Any CPU
		{CF33B369-5418-43D9-BF37-DB3D22F7C1E7}.Debug|iPhoneSimulator.ActiveCfg = Debug|Any CPU
		{CF33B369-5418-43D9-BF37-DB3D22F7C1E7}.Debug|iPhoneSimulator.Build.0 = Debug|Any CPU
		{CF33B369-5418-43D9-BF37-DB3D22F7C1E7}.Debug|iPhoneSimulator.Deploy.0 = Debug|Any CPU
		{CF33B369-5418-43D9-BF37-DB3D22F7C1E7}.Release|Any CPU.ActiveCfg = Release|Any CPU
		{CF33B369-5418-43D9-BF37-DB3D22F7C1E7}.Release|Any CPU.Build.0 = Release|Any CPU
		{CF33B369-5418-43D9-BF37-DB3D22F7C1E7}.Release|Any CPU.Deploy.0 = Release|Any CPU
		{CF33B369-5418-43D9-BF37-DB3D22F7C1E7}.Release|iPhone.ActiveCfg = Release|Any CPU
		{CF33B369-5418-43D9-BF37-DB3D22F7C1E7}.Release|iPhone.Build.0 = Release|Any CPU
		{CF33B369-5418-43D9-BF37-DB3D22F7C1E7}.Release|iPhone.Deploy.0 = Release|Any CPU
		{CF33B369-5418-43D9-BF37-DB3D22F7C1E7}.Release|iPhoneSimulator.ActiveCfg = Release|Any CPU
		{CF33B369-5418-43D9-BF37-DB3D22F7C1E7}.Release|iPhoneSimulator.Build.0 = Release|Any CPU
		{CF33B369-5418-43D9-BF37-DB3D22F7C1E7}.Release|iPhoneSimulator.Deploy.0 = Release|Any CPU
		{7B717425-E70E-4921-A0E1-9CA2676DFB46}.Ad-Hoc|Any CPU.ActiveCfg = Ad-Hoc|iPhone
		{7B717425-E70E-4921-A0E1-9CA2676DFB46}.Ad-Hoc|Any CPU.Build.0 = Ad-Hoc|iPhone
		{7B717425-E70E-4921-A0E1-9CA2676DFB46}.Ad-Hoc|Any CPU.Deploy.0 = Ad-Hoc|iPhone
		{7B717425-E70E-4921-A0E1-9CA2676DFB46}.Ad-Hoc|iPhone.ActiveCfg = Ad-Hoc|iPhone
		{7B717425-E70E-4921-A0E1-9CA2676DFB46}.Ad-Hoc|iPhone.Build.0 = Ad-Hoc|iPhone
		{7B717425-E70E-4921-A0E1-9CA2676DFB46}.Ad-Hoc|iPhone.Deploy.0 = Ad-Hoc|iPhone
		{7B717425-E70E-4921-A0E1-9CA2676DFB46}.Ad-Hoc|iPhoneSimulator.ActiveCfg = Ad-Hoc|iPhoneSimulator
		{7B717425-E70E-4921-A0E1-9CA2676DFB46}.Ad-Hoc|iPhoneSimulator.Build.0 = Ad-Hoc|iPhoneSimulator
		{7B717425-E70E-4921-A0E1-9CA2676DFB46}.Ad-Hoc|iPhoneSimulator.Deploy.0 = Ad-Hoc|iPhoneSimulator
		{7B717425-E70E-4921-A0E1-9CA2676DFB46}.AppStore|Any CPU.ActiveCfg = AppStore|iPhone
		{7B717425-E70E-4921-A0E1-9CA2676DFB46}.AppStore|Any CPU.Build.0 = AppStore|iPhone
		{7B717425-E70E-4921-A0E1-9CA2676DFB46}.AppStore|Any CPU.Deploy.0 = AppStore|iPhone
		{7B717425-E70E-4921-A0E1-9CA2676DFB46}.AppStore|iPhone.ActiveCfg = AppStore|iPhone
		{7B717425-E70E-4921-A0E1-9CA2676DFB46}.AppStore|iPhone.Build.0 = AppStore|iPhone
		{7B717425-E70E-4921-A0E1-9CA2676DFB46}.AppStore|iPhone.Deploy.0 = AppStore|iPhone
		{7B717425-E70E-4921-A0E1-9CA2676DFB46}.AppStore|iPhoneSimulator.ActiveCfg = AppStore|iPhoneSimulator
		{7B717425-E70E-4921-A0E1-9CA2676DFB46}.AppStore|iPhoneSimulator.Build.0 = AppStore|iPhoneSimulator
		{7B717425-E70E-4921-A0E1-9CA2676DFB46}.AppStore|iPhoneSimulator.Deploy.0 = AppStore|iPhoneSimulator
		{7B717425-E70E-4921-A0E1-9CA2676DFB46}.Debug|Any CPU.ActiveCfg = Debug|iPhoneSimulator
		{7B717425-E70E-4921-A0E1-9CA2676DFB46}.Debug|Any CPU.Build.0 = Debug|iPhoneSimulator
		{7B717425-E70E-4921-A0E1-9CA2676DFB46}.Debug|Any CPU.Deploy.0 = Debug|iPhoneSimulator
		{7B717425-E70E-4921-A0E1-9CA2676DFB46}.Debug|iPhone.ActiveCfg = Debug|iPhone
		{7B717425-E70E-4921-A0E1-9CA2676DFB46}.Debug|iPhone.Build.0 = Debug|iPhone
		{7B717425-E70E-4921-A0E1-9CA2676DFB46}.Debug|iPhone.Deploy.0 = Debug|iPhone
		{7B717425-E70E-4921-A0E1-9CA2676DFB46}.Debug|iPhoneSimulator.ActiveCfg = Debug|iPhoneSimulator
		{7B717425-E70E-4921-A0E1-9CA2676DFB46}.Debug|iPhoneSimulator.Build.0 = Debug|iPhoneSimulator
		{7B717425-E70E-4921-A0E1-9CA2676DFB46}.Debug|iPhoneSimulator.Deploy.0 = Debug|iPhoneSimulator
		{7B717425-E70E-4921-A0E1-9CA2676DFB46}.Release|Any CPU.ActiveCfg = Release|iPhone
		{7B717425-E70E-4921-A0E1-9CA2676DFB46}.Release|Any CPU.Build.0 = Release|iPhone
		{7B717425-E70E-4921-A0E1-9CA2676DFB46}.Release|Any CPU.Deploy.0 = Release|iPhone
		{7B717425-E70E-4921-A0E1-9CA2676DFB46}.Release|iPhone.ActiveCfg = Release|iPhone
		{7B717425-E70E-4921-A0E1-9CA2676DFB46}.Release|iPhone.Build.0 = Release|iPhone
		{7B717425-E70E-4921-A0E1-9CA2676DFB46}.Release|iPhone.Deploy.0 = Release|iPhone
		{7B717425-E70E-4921-A0E1-9CA2676DFB46}.Release|iPhoneSimulator.ActiveCfg = Release|iPhoneSimulator
		{7B717425-E70E-4921-A0E1-9CA2676DFB46}.Release|iPhoneSimulator.Build.0 = Release|iPhoneSimulator
		{7B717425-E70E-4921-A0E1-9CA2676DFB46}.Release|iPhoneSimulator.Deploy.0 = Release|iPhoneSimulator
		{CF6158FE-9E8A-4EC2-AA56-0EE6F3FD19CA}.Ad-Hoc|Any CPU.ActiveCfg = Debug|Any CPU
		{CF6158FE-9E8A-4EC2-AA56-0EE6F3FD19CA}.Ad-Hoc|Any CPU.Build.0 = Debug|Any CPU
		{CF6158FE-9E8A-4EC2-AA56-0EE6F3FD19CA}.Ad-Hoc|Any CPU.Deploy.0 = Debug|Any CPU
		{CF6158FE-9E8A-4EC2-AA56-0EE6F3FD19CA}.Ad-Hoc|iPhone.ActiveCfg = Debug|Any CPU
		{CF6158FE-9E8A-4EC2-AA56-0EE6F3FD19CA}.Ad-Hoc|iPhone.Build.0 = Debug|Any CPU
		{CF6158FE-9E8A-4EC2-AA56-0EE6F3FD19CA}.Ad-Hoc|iPhone.Deploy.0 = Debug|Any CPU
		{CF6158FE-9E8A-4EC2-AA56-0EE6F3FD19CA}.Ad-Hoc|iPhoneSimulator.ActiveCfg = Debug|Any CPU
		{CF6158FE-9E8A-4EC2-AA56-0EE6F3FD19CA}.Ad-Hoc|iPhoneSimulator.Build.0 = Debug|Any CPU
		{CF6158FE-9E8A-4EC2-AA56-0EE6F3FD19CA}.Ad-Hoc|iPhoneSimulator.Deploy.0 = Debug|Any CPU
		{CF6158FE-9E8A-4EC2-AA56-0EE6F3FD19CA}.AppStore|Any CPU.ActiveCfg = Debug|Any CPU
		{CF6158FE-9E8A-4EC2-AA56-0EE6F3FD19CA}.AppStore|Any CPU.Build.0 = Debug|Any CPU
		{CF6158FE-9E8A-4EC2-AA56-0EE6F3FD19CA}.AppStore|Any CPU.Deploy.0 = Debug|Any CPU
		{CF6158FE-9E8A-4EC2-AA56-0EE6F3FD19CA}.AppStore|iPhone.ActiveCfg = Debug|Any CPU
		{CF6158FE-9E8A-4EC2-AA56-0EE6F3FD19CA}.AppStore|iPhone.Build.0 = Debug|Any CPU
		{CF6158FE-9E8A-4EC2-AA56-0EE6F3FD19CA}.AppStore|iPhone.Deploy.0 = Debug|Any CPU
		{CF6158FE-9E8A-4EC2-AA56-0EE6F3FD19CA}.AppStore|iPhoneSimulator.ActiveCfg = Debug|Any CPU
		{CF6158FE-9E8A-4EC2-AA56-0EE6F3FD19CA}.AppStore|iPhoneSimulator.Build.0 = Debug|Any CPU
		{CF6158FE-9E8A-4EC2-AA56-0EE6F3FD19CA}.AppStore|iPhoneSimulator.Deploy.0 = Debug|Any CPU
		{CF6158FE-9E8A-4EC2-AA56-0EE6F3FD19CA}.Debug|Any CPU.ActiveCfg = Debug|Any CPU
		{CF6158FE-9E8A-4EC2-AA56-0EE6F3FD19CA}.Debug|Any CPU.Build.0 = Debug|Any CPU
		{CF6158FE-9E8A-4EC2-AA56-0EE6F3FD19CA}.Debug|Any CPU.Deploy.0 = Debug|Any CPU
		{CF6158FE-9E8A-4EC2-AA56-0EE6F3FD19CA}.Debug|iPhone.ActiveCfg = Debug|Any CPU
		{CF6158FE-9E8A-4EC2-AA56-0EE6F3FD19CA}.Debug|iPhone.Build.0 = Debug|Any CPU
		{CF6158FE-9E8A-4EC2-AA56-0EE6F3FD19CA}.Debug|iPhone.Deploy.0 = Debug|Any CPU
		{CF6158FE-9E8A-4EC2-AA56-0EE6F3FD19CA}.Debug|iPhoneSimulator.ActiveCfg = Debug|Any CPU
		{CF6158FE-9E8A-4EC2-AA56-0EE6F3FD19CA}.Debug|iPhoneSimulator.Build.0 = Debug|Any CPU
		{CF6158FE-9E8A-4EC2-AA56-0EE6F3FD19CA}.Debug|iPhoneSimulator.Deploy.0 = Debug|Any CPU
		{CF6158FE-9E8A-4EC2-AA56-0EE6F3FD19CA}.Release|Any CPU.ActiveCfg = Release|Any CPU
		{CF6158FE-9E8A-4EC2-AA56-0EE6F3FD19CA}.Release|Any CPU.Build.0 = Release|Any CPU
		{CF6158FE-9E8A-4EC2-AA56-0EE6F3FD19CA}.Release|Any CPU.Deploy.0 = Release|Any CPU
		{CF6158FE-9E8A-4EC2-AA56-0EE6F3FD19CA}.Release|iPhone.ActiveCfg = Release|Any CPU
		{CF6158FE-9E8A-4EC2-AA56-0EE6F3FD19CA}.Release|iPhone.Build.0 = Release|Any CPU
		{CF6158FE-9E8A-4EC2-AA56-0EE6F3FD19CA}.Release|iPhone.Deploy.0 = Release|Any CPU
		{CF6158FE-9E8A-4EC2-AA56-0EE6F3FD19CA}.Release|iPhoneSimulator.ActiveCfg = Release|Any CPU
		{CF6158FE-9E8A-4EC2-AA56-0EE6F3FD19CA}.Release|iPhoneSimulator.Build.0 = Release|Any CPU
		{CF6158FE-9E8A-4EC2-AA56-0EE6F3FD19CA}.Release|iPhoneSimulator.Deploy.0 = Release|Any CPU
	EndGlobalSection
	GlobalSection(SolutionProperties) = preSolution
		HideSolutionNode = FALSE
	EndGlobalSection
	GlobalSection(ExtensibilityGlobals) = postSolution
		SolutionGuid = {9A5BACE8-B444-442C-825A-35D118A34B44}
	EndGlobalSection
EndGlobal
